
Microsoft Visual Studio Solution File, Format Version 12.00
# Visual Studio Version 16
VisualStudioVersion = 16.0.30717.126
MinimumVisualStudioVersion = 10.0.40219.1
Project("{FAE04EC0-301F-11D3-BF4B-00C04F79EFBC}") = "BulkOrderCS", "BulkOrderCS\BulkOrderCS.csproj", "{3A719966-5A0A-4706-9B7C-5946807053D9}"
EndProject
Project("{FAE04EC0-301F-11D3-BF4B-00C04F79EFBC}") = "DatabaseLayer", "DatabaseLayer\DatabaseLayer.csproj", "{AC19FB7E-DA5F-478F-9964-16B056499AC4}"
EndProject
Global
	GlobalSection(SolutionConfigurationPlatforms) = preSolution
		Debug|Any CPU = Debug|Any CPU
		Release|Any CPU = Release|Any CPU
	EndGlobalSection
	GlobalSection(ProjectConfigurationPlatforms) = postSolution
		{3A719966-5A0A-4706-9B7C-5946807053D9}.Debug|Any CPU.ActiveCfg = Debug|Any CPU
		{3A719966-5A0A-4706-9B7C-5946807053D9}.Debug|Any CPU.Build.0 = Debug|Any CPU
		{3A719966-5A0A-4706-9B7C-5946807053D9}.Release|Any CPU.ActiveCfg = Release|Any CPU
		{3A719966-5A0A-4706-9B7C-5946807053D9}.Release|Any CPU.Build.0 = Release|Any CPU
		{AC19FB7E-DA5F-478F-9964-16B056499AC4}.Debug|Any CPU.ActiveCfg = Debug|Any CPU
		{AC19FB7E-DA5F-478F-9964-16B056499AC4}.Debug|Any CPU.Build.0 = Debug|Any CPU
		{AC19FB7E-DA5F-478F-9964-16B056499AC4}.Release|Any CPU.ActiveCfg = Release|Any CPU
		{AC19FB7E-DA5F-478F-9964-16B056499AC4}.Release|Any CPU.Build.0 = Release|Any CPU
	EndGlobalSection
	GlobalSection(SolutionProperties) = preSolution
		HideSolutionNode = FALSE
	EndGlobalSection
	GlobalSection(ExtensibilityGlobals) = postSolution
		SolutionGuid = {0FB15796-31B4-4CCD-8557-ADA5EB38B85F}
	EndGlobalSection
EndGlobal
